{
  "lockfile_version": "1",
  "packages": {
    "alejandra@4.0.0": {
      "last_modified": "2026-04-23T13:07:47Z",
      "resolved": "github:NixOS/nixpkgs/01fbdeef22b76df85ea168fbfe1bfd9e63681b30#alejandra",
      "source": "devbox-search",
      "version": "4.0.0",
      "systems": {
        "aarch64-darwin": {
          "outputs": [
            {
              "name": "out",
              "path": "/nix/store/gr86xd3li3azsy6sdak2i1g46kfmy25j-alejandra-4.0.0",
              "default": true
            }
          ],
          "store_path": "/nix/store/gr86xd3li3azsy6sdak2i1g46kfmy25j-alejandra-4.0.0"
        },
        "aarch64-linux": {
          "outputs": [
            {
              "name": "out",
              "path": "/nix/store/xi6bwh7qfrnmblfw02asx0fjglgrzzbx-alejandra-4.0.0",
              "default": true
            }
          ],
          "store_path": "/nix/store/xi6bwh7qfrnmblfw02asx0fjglgrzzbx-alejandra-4.0.0"
        },
        "x86_64-darwin": {
          "outputs": [
            {
              "name": "out",
              "path": "/nix/store/pwflw3yqjahdh833aw9ggrskf7k32lg0-alejandra-4.0.0",
              "default": true
            }
          ],
          "store_path": "/nix/store/pwflw3yqjahdh833aw9ggrskf7k32lg0-alejandra-4.0.0"
        },
        "x86_64-linux": {
          "outputs": [
            {
              "name": "out",
              "path": "/nix/store/0bkrr4sszs4pnmvkzf2h8ilzjawjdkah-alejandra-4.0.0",
              "default": true
            }
          ],
          "store_path": "/nix/store/0bkrr4sszs4pnmvkzf2h8ilzjawjdkah-alejandra-4.0.0"
        }
      }
    },
    "diffoscope@283": {
      "last_modified": "2024-12-13T21:43:23Z",
      "resolved": "github:NixOS/nixpkgs/71a6392e367b08525ee710a93af2e80083b5b3e2#diffoscope",
      "source": "devbox-search",
      "version": "283",
      "systems": {
        "aarch64-darwin": {
          "outputs": [
            {
              "name": "out",
              "path": "/nix/store/7jvz1y79rbp1zxvr7481jikhyadwqnxp-diffoscope-283",
              "default": true
            },
            {
              "name": "man",
              "path": "/nix/store/maj9l4k84aflcfivardxihmnhnq6k564-diffoscope-283-man",
              "default": true
            },
            {
              "name": "dist",
              "path": "/nix/store/kgr97myl309zijl5wk2cy9ncxhxmmisl-diffoscope-283-dist"
            }
          ],
          "store_path": "/nix/store/7jvz1y79rbp1zxvr7481jikhyadwqnxp-diffoscope-283"
        },
        "aarch64-linux": {
          "outputs": [
            {
              "name": "out",
              "path": "/nix/store/g7rm7pilkij4mc2iv0ia8mn2bk686n7r-diffoscope-283",
              "default": true
            },
            {
              "name": "man",
              "path": "/nix/store/p4h3pnjgyf2chlwhc6whf73dr0jk387j-diffoscope-283-man",
              "default": true
            },
            {
              "name": "dist",
              "path": "/nix/store/4kiv4336i2c9p6jddqa1dkbgp2iqz9f1-diffoscope-283-dist"
            }
          ],
          "store_path": "/nix/store/g7rm7pilkij4mc2iv0ia8mn2bk686n7r-diffoscope-283"
        },
        "x86_64-darwin": {
          "outputs": [
            {
              "name": "out",
              "path": "/nix/store/lz56044j09vzzfiwwbiyismsvdbhsbx0-diffoscope-283",
              "default": true
            },
            {
              "name": "man",
              "path": "/nix/store/cdfg1zg761mc7glr18zpwxgykwhzf0y0-diffoscope-283-man",
              "default": true
            },
            {
              "name": "dist",
              "path": "/nix/store/3h2p6389nr2awj8ym9cx6fk16gkjb1qd-diffoscope-283-dist"
            }
          ],
          "store_path": "/nix/store/lz56044j09vzzfiwwbiyismsvdbhsbx0-diffoscope-283"
        },
        "x86_64-linux": {
          "outputs": [
            {
              "name": "out",
              "path": "/nix/store/3j178v3zzbjbsz2jvzsn2yl05i35iwm5-diffoscope-283",
              "default": true
            },
            {
              "name": "man",
              "path": "/nix/store/i96j84k2xg9k4vj4gvzcq7k5d38xxm8z-diffoscope-283-man",
              "default": true
            },
            {
              "name": "dist",
              "path": "/nix/store/f0fwwd61rs3x8mmpvkzq7scznq2hckld-diffoscope-283-dist"
            }
          ],
          "store_path": "/nix/store/3j178v3zzbjbsz2jvzsn2yl05i35iwm5-diffoscope-283"
        }
      }
    },
    "docker@29.1.3": {
      "last_modified": "2026-01-09T13:41:53Z",
      "resolved": "github:NixOS/nixpkgs/5f02c91314c8ba4afe83b256b023756412218535#docker",
      "source": "devbox-search",
      "version": "29.1.3",
      "systems": {
        "aarch64-darwin": {
          "outputs": [
            {
              "name": "out",
              "path": "/nix/store/yna4ifgq7bk4jjq32fjrps5hmq5ky8hn-docker-29.1.3",
              "default": true
            }
          ],
          "store_path": "/nix/store/yna4ifgq7bk4jjq32fjrps5hmq5ky8hn-docker-29.1.3"
        },
        "aarch64-linux": {
          "outputs": [
            {
              "name": "out",
              "path": "/nix/store/blcaschiknn8v19fwpfk71kygbphw5r5-docker-29.1.3",
              "default": true
            }
          ],
          "store_path": "/nix/store/blcaschiknn8v19fwpfk71kygbphw5r5-docker-29.1.3"
        },
        "x86_64-darwin": {
          "outputs": [
            {
              "name": "out",
              "path": "/nix/store/l08zl9qx1qap7ivm1i3l487zrrvirg0f-docker-29.1.3",
              "default": true
            }
          ],
          "store_path": "/nix/store/l08zl9qx1qap7ivm1i3l487zrrvirg0f-docker-29.1.3"
        },
        "x86_64-linux": {
          "outputs": [
            {
              "name": "out",
              "path": "/nix/store/lsi19r3yy7pyainjmrw1zvhzsqizh44y-docker-29.1.3",
              "default": true
            }
          ],
          "store_path": "/nix/store/lsi19r3yy7pyainjmrw1zvhzsqizh44y-docker-29.1.3"
        }
      }
    },
    "gh@2.92.0": {
      "last_modified": "2026-05-20T06:38:13Z",
      "resolved": "github:NixOS/nixpkgs/d99b013d5d1931ad77fe3912ed218170dec5d9a4#gh",
      "source": "devbox-search",
      "version": "2.92.0",
      "systems": {
        "aarch64-darwin": {
          "outputs": [
            {
              "name": "out",
              "path": "/nix/store/xhvb649slb9rd0ps253s4jkpsx3fkvk1-gh-2.92.0",
              "default": true
            }
          ],
          "store_path": "/nix/store/xhvb649slb9rd0ps253s4jkpsx3fkvk1-gh-2.92.0"
        },
        "aarch64-linux": {
          "outputs": [
            {
              "name": "out",
              "path": "/nix/store/qw9n0av5bhfzna77vkd2mji1dfhl7hhh-gh-2.92.0",
              "default": true
            }
          ],
          "store_path": "/nix/store/qw9n0av5bhfzna77vkd2mji1dfhl7hhh-gh-2.92.0"
        },
        "x86_64-darwin": {
          "outputs": [
            {
              "name": "out",
              "path": "/nix/store/837nnal9mj0pjsczqww3hla06x7mv4kh-gh-2.92.0",
              "default": true
            }
          ],
          "store_path": "/nix/store/837nnal9mj0pjsczqww3hla06x7mv4kh-gh-2.92.0"
        },
        "x86_64-linux": {
          "outputs": [
            {
              "name": "out",
              "path": "/nix/store/lsb6nlb51prl620y1hyn1dg0y2nd476s-gh-2.92.0",
              "default": true
            }
          ],
          "store_path": "/nix/store/lsb6nlb51prl620y1hyn1dg0y2nd476s-gh-2.92.0"
        }
      }
    },
    "git-lfs@3.7.1": {
      "last_modified": "2025-11-25T14:41:04Z",
      "resolved": "github:NixOS/nixpkgs/dc205f7b4fdb04c8b7877b43edb7b73be7730081#git-lfs",
      "source": "devbox-search",
      "version": "3.7.1",
      "systems": {
        "aarch64-darwin": {
          "outputs": [
            {
              "name": "out",
              "path": "/nix/store/1z3jjazgw53y69kxj04miwf82h1wv8lv-git-lfs-3.7.1",
              "default": true
            }
          ],
          "store_path": "/nix/store/1z3jjazgw53y69kxj04miwf82h1wv8lv-git-lfs-3.7.1"
        },
        "aarch64-linux": {
          "outputs": [
            {
              "name": "out",
              "path": "/nix/store/iwc65w2zcc62gz06n8bqdf84ydxm9nn0-git-lfs-3.7.1",
              "default": true
            }
          ],
          "store_path": "/nix/store/iwc65w2zcc62gz06n8bqdf84ydxm9nn0-git-lfs-3.7.1"
        },
        "x86_64-darwin": {
          "outputs": [
            {
              "name": "out",
              "path": "/nix/store/7sx8df8xs475432ksb700gl51wasavnn-git-lfs-3.7.1",
              "default": true
            }
          ],
          "store_path": "/nix/store/7sx8df8xs475432ksb700gl51wasavnn-git-lfs-3.7.1"
        },
        "x86_64-linux": {
          "outputs": [
            {
              "name": "out",
              "path": "/nix/store/pbpaldw534z1bwrxns5ah98adpwwk9ck-git-lfs-3.7.1",
              "default": true
            }
          ],
          "store_path": "/nix/store/pbpaldw534z1bwrxns5ah98adpwwk9ck-git-lfs-3.7.1"
        }
      }
    },
    "github:NixOS/nixpkgs/nixpkgs-unstable": {
      "last_modified": "2025-12-21T10:48:17Z",
      "resolved": "github:NixOS/nixpkgs/306ea70f9eb0fb4e040f8540e2deab32ed7e2055?lastModified=1766314097&narHash=sha256-laJftWbghBehazn%2FzxVJ8NdENVgjccsWAdAqKXhErrM%3D"
    },
    "go-task@3.45.5": {
      "last_modified": "2026-01-23T17:20:52Z",
      "resolved": "github:NixOS/nixpkgs/a1bab9e494f5f4939442a57a58d0449a109593fe#go-task",
      "source": "devbox-search",
      "version": "3.45.5",
      "systems": {
        "aarch64-darwin": {
          "outputs": [
            {
              "name": "out",
              "path": "/nix/store/siijbf12pnf32gx7mjixfbv9388h2wrl-go-task-3.45.5",
              "default": true
            }
          ],
          "store_path": "/nix/store/siijbf12pnf32gx7mjixfbv9388h2wrl-go-task-3.45.5"
        },
        "aarch64-linux": {
          "outputs": [
            {
              "name": "out",
              "path": "/nix/store/bz644gcz6r6z0ih6r7njxj9disqzf1z6-go-task-3.45.5",
              "default": true
            }
          ],
          "store_path": "/nix/store/bz644gcz6r6z0ih6r7njxj9disqzf1z6-go-task-3.45.5"
        },
        "x86_64-darwin": {
          "outputs": [
            {
              "name": "out",
              "path": "/nix/store/qb65b2d47v84cj48ldppv2mwnqkla52z-go-task-3.45.5",
              "default": true
            }
          ],
          "store_path": "/nix/store/qb65b2d47v84cj48ldppv2mwnqkla52z-go-task-3.45.5"
        },
        "x86_64-linux": {
          "outputs": [
            {
              "name": "out",
              "path": "/nix/store/hwhz6lp5y525yf4jr92q83n2y4swapby-go-task-3.45.5",
              "default": true
            }
          ],
          "store_path": "/nix/store/hwhz6lp5y525yf4jr92q83n2y4swapby-go-task-3.45.5"
        }
      }
    },
    "hadolint@2.12.0": {
      "last_modified": "2025-09-18T16:33:27Z",
      "resolved": "github:NixOS/nixpkgs/f4b140d5b253f5e2a1ff4e5506edbf8267724bde#hadolint",
      "source": "devbox-search",
      "version": "2.12.0",
      "systems": {
        "aarch64-darwin": {
          "outputs": [
            {
              "name": "out",
              "path": "/nix/store/k17xx5cpg0iy4vrndd0hrvla9vajzwkj-hadolint-2.12.0",
              "default": true
            },
            {
              "name": "doc",
              "path": "/nix/store/xb64bdhry5hzfgc9g1grh7r1krlqh19i-hadolint-2.12.0-doc"
            }
          ],
          "store_path": "/nix/store/k17xx5cpg0iy4vrndd0hrvla9vajzwkj-hadolint-2.12.0"
        },
        "aarch64-linux": {
          "outputs": [
            {
              "name": "out",
              "path": "/nix/store/apghjax31m509sb2iwq24cqli2xl2x82-hadolint-2.12.0",
              "default": true
            }
          ],
          "store_path": "/nix/store/apghjax31m509sb2iwq24cqli2xl2x82-hadolint-2.12.0"
        },
        "x86_64-darwin": {
          "outputs": [
            {
              "name": "out",
              "path": "/nix/store/rfciwvxankz7px4kb7h5h5gr4sgc2n0j-hadolint-2.12.0",
              "default": true
            }
          ],
          "store_path": "/nix/store/rfciwvxankz7px4kb7h5h5gr4sgc2n0j-hadolint-2.12.0"
        },
        "x86_64-linux": {
          "outputs": [
            {
              "name": "out",
              "path": "/nix/store/4x0ax6lbrq9bq2n2hw4lbjhmbfv39kbp-hadolint-2.12.0",
              "default": true
            }
          ],
          "store_path": "/nix/store/4x0ax6lbrq9bq2n2hw4lbjhmbfv39kbp-hadolint-2.12.0"
        }
      }
    },
    "nix-init@0.3.6": {
      "last_modified": "2026-05-20T06:38:13Z",
      "resolved": "github:NixOS/nixpkgs/d99b013d5d1931ad77fe3912ed218170dec5d9a4#nix-init",
      "source": "devbox-search",
      "version": "0.3.6",
      "systems": {
        "aarch64-darwin": {
          "outputs": [
            {
              "name": "out",
              "path": "/nix/store/pc7m717g7yhk30dyzx1l8n889fac746a-nix-init-0.3.6",
              "default": true
            }
          ],
          "store_path": "/nix/store/pc7m717g7yhk30dyzx1l8n889fac746a-nix-init-0.3.6"
        },
        "aarch64-linux": {
          "outputs": [
            {
              "name": "out",
              "path": "/nix/store/3wiwhnxgyzmy9p7qz2nz40m7rqivk3sx-nix-init-0.3.6",
              "default": true
            }
          ],
          "store_path": "/nix/store/3wiwhnxgyzmy9p7qz2nz40m7rqivk3sx-nix-init-0.3.6"
        },
        "x86_64-darwin": {
          "outputs": [
            {
              "name": "out",
              "path": "/nix/store/z2d6mychrdj3mzyvak9rnqn9mah0s19h-nix-init-0.3.6",
              "default": true
            }
          ],
          "store_path": "/nix/store/z2d6mychrdj3mzyvak9rnqn9mah0s19h-nix-init-0.3.6"
        },
        "x86_64-linux": {
          "outputs": [
            {
              "name": "out",
              "path": "/nix/store/6mdvp413fzc5gp45igjv79ly5ljy82cd-nix-init-0.3.6",
              "default": true
            }
          ],
          "store_path": "/nix/store/6mdvp413fzc5gp45igjv79ly5ljy82cd-nix-init-0.3.6"
        }
      }
    },
    "python@3.12.8": {
      "last_modified": "2025-01-06T03:40:18Z",
      "plugin_version": "0.0.4",
      "resolved": "github:NixOS/nixpkgs/3df3c47c19dc90fec35359e89ffb52b34d2b0e94#python3",
      "source": "devbox-search",
      "version": "3.12.8",
      "systems": {
        "aarch64-darwin": {
          "outputs": [
            {
              "name": "out",
              "path": "/nix/store/8zc3wcplydp8gsxms24scpzdca438dk5-python3-3.12.8",
              "default": true
            }
          ],
          "store_path": "/nix/store/8zc3wcplydp8gsxms24scpzdca438dk5-python3-3.12.8"
        },
        "aarch64-linux": {
          "outputs": [
            {
              "name": "out",
              "path": "/nix/store/66pn6ysmvx675061xaq2vz93s9vdc5p4-python3-3.12.8",
              "default": true
            },
            {
              "name": "debug",
              "path": "/nix/store/brcg3a34fi45ffky63g5pqd22sksvq13-python3-3.12.8-debug"
            }
          ],
          "store_path": "/nix/store/66pn6ysmvx675061xaq2vz93s9vdc5p4-python3-3.12.8"
        },
        "x86_64-darwin": {
          "outputs": [
            {
              "name": "out",
              "path": "/nix/store/fpmkmdzgd1q7kqadc7czcjdhjj7bsc0i-python3-3.12.8",
              "default": true
            }
          ],
          "store_path": "/nix/store/fpmkmdzgd1q7kqadc7czcjdhjj7bsc0i-python3-3.12.8"
        },
        "x86_64-linux": {
          "outputs": [
            {
              "name": "out",
              "path": "/nix/store/c9m6yd8fg1flz2j5r4bif1ib5j20a0cy-python3-3.12.8",
              "default": true
            },
            {
              "name": "debug",
              "path": "/nix/store/cicfrcjr8pky8qd0gxw0x84ynyviy6b5-python3-3.12.8-debug"
            }
          ],
          "store_path": "/nix/store/c9m6yd8fg1flz2j5r4bif1ib5j20a0cy-python3-3.12.8"
        }
      }
    },
    "uv@0.11.16": {
      "last_modified": "2026-05-24T03:33:00Z",
      "resolved": "github:NixOS/nixpkgs/d849bb215dcdf71bce3e686839ccdb4219e84b2f#uv",
      "source": "devbox-search",
      "version": "0.11.16",
      "systems": {
        "aarch64-darwin": {
          "outputs": [
            {
              "name": "out",
              "path": "/nix/store/x4r8sci8i3yzdr7anhvbwgl1xjyvhgfr-uv-0.11.16",
              "default": true
            }
          ],
          "store_path": "/nix/store/x4r8sci8i3yzdr7anhvbwgl1xjyvhgfr-uv-0.11.16"
        },
        "aarch64-linux": {
          "outputs": [
            {
              "name": "out",
              "path": "/nix/store/9h1ajamiaj7zxq1v72zwdg486np93ck0-uv-0.11.16",
              "default": true
            }
          ],
          "store_path": "/nix/store/9h1ajamiaj7zxq1v72zwdg486np93ck0-uv-0.11.16"
        },
        "x86_64-darwin": {
          "outputs": [
            {
              "name": "out",
              "path": "/nix/store/l9ns6x700j1yijay157jahy5kkixg4ka-uv-0.11.16",
              "default": true
            }
          ],
          "store_path": "/nix/store/l9ns6x700j1yijay157jahy5kkixg4ka-uv-0.11.16"
        },
        "x86_64-linux": {
          "outputs": [
            {
              "name": "out",
              "path": "/nix/store/hq1ygvwk5p6w6iyvfqfpvxbwjvi1b2cw-uv-0.11.16",
              "default": true
            }
          ],
          "store_path": "/nix/store/hq1ygvwk5p6w6iyvfqfpvxbwjvi1b2cw-uv-0.11.16"
        }
      }
    }
  }
}
